
Microsoft Visual Studio Solution File, Format Version 12.00
# Visual Studio 15
VisualStudioVersion = 15.0.27130.2036
MinimumVisualStudioVersion = 10.0.40219.1
Project("{FAE04EC0-301F-11D3-BF4B-00C04F79EFBC}") = "WPF.ToDoITem", "WPF.ToDoITem.csproj", "{CFBB17FA-6D0F-4995-A823-FB2C19B5E000}"
EndProject
Project("{FAE04EC0-301F-11D3-BF4B-00C04F79EFBC}") = "Xamarin.ToDoITem.Android", "..\Xamarin.ToDoITem\Xamarin.ToDoITem.Android\Xamarin.ToDoITem.Android.csproj", "{41327749-C1C1-4025-BDE2-AEB1EEDFE37B}"
EndProject
Project("{FAE04EC0-301F-11D3-BF4B-00C04F79EFBC}") = "Xamarin.ToDoITem.iOS", "..\Xamarin.ToDoITem\Xamarin.ToDoITem.iOS\Xamarin.ToDoITem.iOS.csproj", "{D7BD0D25-C071-4912-883D-49C6531D6107}"
EndProject
Project("{FAE04EC0-301F-11D3-BF4B-00C04F79EFBC}") = "Xamarin.ToDoITem.UWP", "..\Xamarin.ToDoITem\Xamarin.ToDoITem.UWP\Xamarin.ToDoITem.UWP.csproj", "{42899FA3-AD6B-47B7-9998-3BF6C499C2D5}"
EndProject
Project("{9A19103F-16F7-4668-BE54-9A1E7A4F7556}") = "Xamarin.ToDoITem", "..\Xamarin.ToDoITem\Xamarin.ToDoITem\Xamarin.ToDoITem.csproj", "{88499048-8C77-4D7F-8403-5448D877676E}"
EndProject
Project("{2150E333-8FDC-42A3-9474-1A3956D46DE8}") = "Xamarin.ToDoItem.Cross", "Xamarin.ToDoItem.Cross", "{E7532A34-2AEA-4B9D-9CC5-833BE17AEABE}"
EndProject
Project("{FAE04EC0-301F-11D3-BF4B-00C04F79EFBC}") = "ToDoItem.Common", "..\ToDoItem.Common\ToDoItem.Common.csproj", "{B18330F7-A381-4043-B855-D05E88E35850}"
EndProject
Global
	GlobalSection(SolutionConfigurationPlatforms) = preSolution
		Ad-Hoc|Any CPU = Ad-Hoc|Any CPU
		Ad-Hoc|ARM = Ad-Hoc|ARM
		Ad-Hoc|iPhone = Ad-Hoc|iPhone
		Ad-Hoc|iPhoneSimulator = Ad-Hoc|iPhoneSimulator
		Ad-Hoc|x64 = Ad-Hoc|x64
		Ad-Hoc|x86 = Ad-Hoc|x86
		AppStore|Any CPU = AppStore|Any CPU
		AppStore|ARM = AppStore|ARM
		AppStore|iPhone = AppStore|iPhone
		AppStore|iPhoneSimulator = AppStore|iPhoneSimulator
		AppStore|x64 = AppStore|x64
		AppStore|x86 = AppStore|x86
		Debug|Any CPU = Debug|Any CPU
		Debug|ARM = Debug|ARM
		Debug|iPhone = Debug|iPhone
		Debug|iPhoneSimulator = Debug|iPhoneSimulator
		Debug|x64 = Debug|x64
		Debug|x86 = Debug|x86
		Release|Any CPU = Release|Any CPU
		Release|ARM = Release|ARM
		Release|iPhone = Release|iPhone
		Release|iPhoneSimulator = Release|iPhoneSimulator
		Release|x64 = Release|x64
		Release|x86 = Release|x86
	EndGlobalSection
	GlobalSection(ProjectConfigurationPlatforms) = postSolution
		{CFBB17FA-6D0F-4995-A823-FB2C19B5E000}.Ad-Hoc|Any CPU.ActiveCfg = Release|Any CPU
		{CFBB17FA-6D0F-4995-A823-FB2C19B5E000}.Ad-Hoc|Any CPU.Build.0 = Release|Any CPU
		{CFBB17FA-6D0F-4995-A823-FB2C19B5E000}.Ad-Hoc|ARM.ActiveCfg = Release|Any CPU
		{CFBB17FA-6D0F-4995-A823-FB2C19B5E000}.Ad-Hoc|ARM.Build.0 = Release|Any CPU
		{CFBB17FA-6D0F-4995-A823-FB2C19B5E000}.Ad-Hoc|iPhone.ActiveCfg = Release|Any CPU
		{CFBB17FA-6D0F-4995-A823-FB2C19B5E000}.Ad-Hoc|iPhone.Build.0 = Release|Any CPU
		{CFBB17FA-6D0F-4995-A823-FB2C19B5E000}.Ad-Hoc|iPhoneSimulator.ActiveCfg = Release|Any CPU
		{CFBB17FA-6D0F-4995-A823-FB2C19B5E000}.Ad-Hoc|iPhoneSimulator.Build.0 = Release|Any CPU
		{CFBB17FA-6D0F-4995-A823-FB2C19B5E000}.Ad-Hoc|x64.ActiveCfg = Release|Any CPU
		{CFBB17FA-6D0F-4995-A823-FB2C19B5E000}.Ad-Hoc|x64.Build.0 = Release|Any CPU
		{CFBB17FA-6D0F-4995-A823-FB2C19B5E000}.Ad-Hoc|x86.ActiveCfg = Release|Any CPU
		{CFBB17FA-6D0F-4995-A823-FB2C19B5E000}.Ad-Hoc|x86.Build.0 = Release|Any CPU
		{CFBB17FA-6D0F-4995-A823-FB2C19B5E000}.AppStore|Any CPU.ActiveCfg = Release|Any CPU
		{CFBB17FA-6D0F-4995-A823-FB2C19B5E000}.AppStore|Any CPU.Build.0 = Release|Any CPU
		{CFBB17FA-6D0F-4995-A823-FB2C19B5E000}.AppStore|ARM.ActiveCfg = Release|Any CPU
		{CFBB17FA-6D0F-4995-A823-FB2C19B5E000}.AppStore|ARM.Build.0 = Release|Any CPU
		{CFBB17FA-6D0F-4995-A823-FB2C19B5E000}.AppStore|iPhone.ActiveCfg = Release|Any CPU
		{CFBB17FA-6D0F-4995-A823-FB2C19B5E000}.AppStore|iPhone.Build.0 = Release|Any CPU
		{CFBB17FA-6D0F-4995-A823-FB2C19B5E000}.AppStore|iPhoneSimulator.ActiveCfg = Release|Any CPU
		{CFBB17FA-6D0F-4995-A823-FB2C19B5E000}.AppStore|iPhoneSimulator.Build.0 = Release|Any CPU
		{CFBB17FA-6D0F-4995-A823-FB2C19B5E000}.AppStore|x64.ActiveCfg = Release|Any CPU
		{CFBB17FA-6D0F-4995-A823-FB2C19B5E000}.AppStore|x64.Build.0 = Release|Any CPU
		{CFBB17FA-6D0F-4995-A823-FB2C19B5E000}.AppStore|x86.ActiveCfg = Release|Any CPU
		{CFBB17FA-6D0F-4995-A823-FB2C19B5E000}.AppStore|x86.Build.0 = Release|Any CPU
		{CFBB17FA-6D0F-4995-A823-FB2C19B5E000}.Debug|Any CPU.ActiveCfg = Debug|Any CPU
		{CFBB17FA-6D0F-4995-A823-FB2C19B5E000}.Debug|Any CPU.Build.0 = Debug|Any CPU
		{CFBB17FA-6D0F-4995-A823-FB2C19B5E000}.Debug|ARM.ActiveCfg = Debug|Any CPU
		{CFBB17FA-6D0F-4995-A823-FB2C19B5E000}.Debug|ARM.Build.0 = Debug|Any CPU
		{CFBB17FA-6D0F-4995-A823-FB2C19B5E000}.Debug|iPhone.ActiveCfg = Debug|Any CPU
		{CFBB17FA-6D0F-4995-A823-FB2C19B5E000}.Debug|iPhone.Build.0 = Debug|Any CPU
		{CFBB17FA-6D0F-4995-A823-FB2C19B5E000}.Debug|iPhoneSimulator.ActiveCfg = Debug|Any CPU
		{CFBB17FA-6D0F-4995-A823-FB2C19B5E000}.Debug|iPhoneSimulator.Build.0 = Debug|Any CPU
		{CFBB17FA-6D0F-4995-A823-FB2C19B5E000}.Debug|x64.ActiveCfg = Debug|Any CPU
		{CFBB17FA-6D0F-4995-A823-FB2C19B5E000}.Debug|x64.Build.0 = Debug|Any CPU
		{CFBB17FA-6D0F-4995-A823-FB2C19B5E000}.Debug|x86.ActiveCfg = Debug|Any CPU
		{CFBB17FA-6D0F-4995-A823-FB2C19B5E000}.Debug|x86.Build.0 = Debug|Any CPU
		{CFBB17FA-6D0F-4995-A823-FB2C19B5E000}.Release|Any CPU.ActiveCfg = Release|Any CPU
		{CFBB17FA-6D0F-4995-A823-FB2C19B5E000}.Release|Any CPU.Build.0 = Release|Any CPU
		{CFBB17FA-6D0F-4995-A823-FB2C19B5E000}.Release|ARM.ActiveCfg = Release|Any CPU
		{CFBB17FA-6D0F-4995-A823-FB2C19B5E000}.Release|ARM.Build.0 = Release|Any CPU
		{CFBB17FA-6D0F-4995-A823-FB2C19B5E000}.Release|iPhone.ActiveCfg = Release|Any CPU
		{CFBB17FA-6D0F-4995-A823-FB2C19B5E000}.Release|iPhone.Build.0 = Release|Any CPU
		{CFBB17FA-6D0F-4995-A823-FB2C19B5E000}.Release|iPhoneSimulator.ActiveCfg = Release|Any CPU
		{CFBB17FA-6D0F-4995-A823-FB2C19B5E000}.Release|iPhoneSimulator.Build.0 = Release|Any CPU
		{CFBB17FA-6D0F-4995-A823-FB2C19B5E000}.Release|x64.ActiveCfg = Release|Any CPU
		{CFBB17FA-6D0F-4995-A823-FB2C19B5E000}.Release|x64.Build.0 = Release|Any CPU
		{CFBB17FA-6D0F-4995-A823-FB2C19B5E000}.Release|x86.ActiveCfg = Release|Any CPU
		{CFBB17FA-6D0F-4995-A823-FB2C19B5E000}.Release|x86.Build.0 = Release|Any CPU
		{41327749-C1C1-4025-BDE2-AEB1EEDFE37B}.Ad-Hoc|Any CPU.ActiveCfg = Release|Any CPU
		{41327749-C1C1-4025-BDE2-AEB1EEDFE37B}.Ad-Hoc|Any CPU.Build.0 = Release|Any CPU
		{41327749-C1C1-4025-BDE2-AEB1EEDFE37B}.Ad-Hoc|Any CPU.Deploy.0 = Release|Any CPU
		{41327749-C1C1-4025-BDE2-AEB1EEDFE37B}.Ad-Hoc|ARM.ActiveCfg = Release|Any CPU
		{41327749-C1C1-4025-BDE2-AEB1EEDFE37B}.Ad-Hoc|ARM.Build.0 = Release|Any CPU
		{41327749-C1C1-4025-BDE2-AEB1EEDFE37B}.Ad-Hoc|ARM.Deploy.0 = Release|Any CPU
		{41327749-C1C1-4025-BDE2-AEB1EEDFE37B}.Ad-Hoc|iPhone.ActiveCfg = Release|Any CPU
		{41327749-C1C1-4025-BDE2-AEB1EEDFE37B}.Ad-Hoc|iPhone.Build.0 = Release|Any CPU
		{41327749-C1C1-4025-BDE2-AEB1EEDFE37B}.Ad-Hoc|iPhone.Deploy.0 = Release|Any CPU
		{41327749-C1C1-4025-BDE2-AEB1EEDFE37B}.Ad-Hoc|iPhoneSimulator.ActiveCfg = Release|Any CPU
		{41327749-C1C1-4025-BDE2-AEB1EEDFE37B}.Ad-Hoc|iPhoneSimulator.Build.0 = Release|Any CPU
		{41327749-C1C1-4025-BDE2-AEB1EEDFE37B}.Ad-Hoc|iPhoneSimulator.Deploy.0 = Release|Any CPU
		{41327749-C1C1-4025-BDE2-AEB1EEDFE37B}.Ad-Hoc|x64.ActiveCfg = Release|Any CPU
		{41327749-C1C1-4025-BDE2-AEB1EEDFE37B}.Ad-Hoc|x64.Build.0 = Release|Any CPU
		{41327749-C1C1-4025-BDE2-AEB1EEDFE37B}.Ad-Hoc|x64.Deploy.0 = Release|Any CPU
		{41327749-C1C1-4025-BDE2-AEB1EEDFE37B}.Ad-Hoc|x86.ActiveCfg = Release|Any CPU
		{41327749-C1C1-4025-BDE2-AEB1EEDFE37B}.Ad-Hoc|x86.Build.0 = Release|Any CPU
		{41327749-C1C1-4025-BDE2-AEB1EEDFE37B}.Ad-Hoc|x86.Deploy.0 = Release|Any CPU
		{41327749-C1C1-4025-BDE2-AEB1EEDFE37B}.AppStore|Any CPU.ActiveCfg = Release|Any CPU
		{41327749-C1C1-4025-BDE2-AEB1EEDFE37B}.AppStore|Any CPU.Build.0 = Release|Any CPU
		{41327749-C1C1-4025-BDE2-AEB1EEDFE37B}.AppStore|Any CPU.Deploy.0 = Release|Any CPU
		{41327749-C1C1-4025-BDE2-AEB1EEDFE37B}.AppStore|ARM.ActiveCfg = Release|Any CPU
		{41327749-C1C1-4025-BDE2-AEB1EEDFE37B}.AppStore|ARM.Build.0 = Release|Any CPU
		{41327749-C1C1-4025-BDE2-AEB1EEDFE37B}.AppStore|ARM.Deploy.0 = Release|Any CPU
		{41327749-C1C1-4025-BDE2-AEB1EEDFE37B}.AppStore|iPhone.ActiveCfg = Release|Any CPU
		{41327749-C1C1-4025-BDE2-AEB1EEDFE37B}.AppStore|iPhone.Build.0 = Release|Any CPU
		{41327749-C1C1-4025-BDE2-AEB1EEDFE37B}.AppStore|iPhone.Deploy.0 = Release|Any CPU
		{41327749-C1C1-4025-BDE2-AEB1EEDFE37B}.AppStore|iPhoneSimulator.ActiveCfg = Release|Any CPU
		{41327749-C1C1-4025-BDE2-AEB1EEDFE37B}.AppStore|iPhoneSimulator.Build.0 = Release|Any CPU
		{41327749-C1C1-4025-BDE2-AEB1EEDFE37B}.AppStore|iPhoneSimulator.Deploy.0 = Release|Any CPU
		{41327749-C1C1-4025-BDE2-AEB1EEDFE37B}.AppStore|x64.ActiveCfg = Release|Any CPU
		{41327749-C1C1-4025-BDE2-AEB1EEDFE37B}.AppStore|x64.Build.0 = Release|Any CPU
		{41327749-C1C1-4025-BDE2-AEB1EEDFE37B}.AppStore|x64.Deploy.0 = Release|Any CPU
		{41327749-C1C1-4025-BDE2-AEB1EEDFE37B}.AppStore|x86.ActiveCfg = Release|Any CPU
		{41327749-C1C1-4025-BDE2-AEB1EEDFE37B}.AppStore|x86.Build.0 = Release|Any CPU
		{41327749-C1C1-4025-BDE2-AEB1EEDFE37B}.AppStore|x86.Deploy.0 = Release|Any CPU
		{41327749-C1C1-4025-BDE2-AEB1EEDFE37B}.Debug|Any CPU.ActiveCfg = Debug|Any CPU
		{41327749-C1C1-4025-BDE2-AEB1EEDFE37B}.Debug|Any CPU.Build.0 = Debug|Any CPU
		{41327749-C1C1-4025-BDE2-AEB1EEDFE37B}.Debug|Any CPU.Deploy.0 = Debug|Any CPU
		{41327749-C1C1-4025-BDE2-AEB1EEDFE37B}.Debug|ARM.ActiveCfg = Debug|Any CPU
		{41327749-C1C1-4025-BDE2-AEB1EEDFE37B}.Debug|ARM.Build.0 = Debug|Any CPU
		{41327749-C1C1-4025-BDE2-AEB1EEDFE37B}.Debug|ARM.Deploy.0 = Debug|Any CPU
		{41327749-C1C1-4025-BDE2-AEB1EEDFE37B}.Debug|iPhone.ActiveCfg = Debug|Any CPU
		{41327749-C1C1-4025-BDE2-AEB1EEDFE37B}.Debug|iPhone.Build.0 = Debug|Any CPU
		{41327749-C1C1-4025-BDE2-AEB1EEDFE37B}.Debug|iPhone.Deploy.0 = Debug|Any CPU
		{41327749-C1C1-4025-BDE2-AEB1EEDFE37B}.Debug|iPhoneSimulator.ActiveCfg = Debug|Any CPU
		{41327749-C1C1-4025-BDE2-AEB1EEDFE37B}.Debug|iPhoneSimulator.Build.0 = Debug|Any CPU
		{41327749-C1C1-4025-BDE2-AEB1EEDFE37B}.Debug|iPhoneSimulator.Deploy.0 = Debug|Any CPU
		{41327749-C1C1-4025-BDE2-AEB1EEDFE37B}.Debug|x64.ActiveCfg = Debug|Any CPU
		{41327749-C1C1-4025-BDE2-AEB1EEDFE37B}.Debug|x64.Build.0 = Debug|Any CPU
		{41327749-C1C1-4025-BDE2-AEB1EEDFE37B}.Debug|x64.Deploy.0 = Debug|Any CPU
		{41327749-C1C1-4025-BDE2-AEB1EEDFE37B}.Debug|x86.ActiveCfg = Debug|Any CPU
		{41327749-C1C1-4025-BDE2-AEB1EEDFE37B}.Debug|x86.Build.0 = Debug|Any CPU
		{41327749-C1C1-4025-BDE2-AEB1EEDFE37B}.Debug|x86.Deploy.0 = Debug|Any CPU
		{41327749-C1C1-4025-BDE2-AEB1EEDFE37B}.Release|Any CPU.ActiveCfg = Release|Any CPU
		{41327749-C1C1-4025-BDE2-AEB1EEDFE37B}.Release|Any CPU.Build.0 = Release|Any CPU
		{41327749-C1C1-4025-BDE2-AEB1EEDFE37B}.Release|Any CPU.Deploy.0 = Release|Any CPU
		{41327749-C1C1-4025-BDE2-AEB1EEDFE37B}.Release|ARM.ActiveCfg = Release|Any CPU
		{41327749-C1C1-4025-BDE2-AEB1EEDFE37B}.Release|ARM.Build.0 = Release|Any CPU
		{41327749-C1C1-4025-BDE2-AEB1EEDFE37B}.Release|ARM.Deploy.0 = Release|Any CPU
		{41327749-C1C1-4025-BDE2-AEB1EEDFE37B}.Release|iPhone.ActiveCfg = Release|Any CPU
		{41327749-C1C1-4025-BDE2-AEB1EEDFE37B}.Release|iPhone.Build.0 = Release|Any CPU
		{41327749-C1C1-4025-BDE2-AEB1EEDFE37B}.Release|iPhone.Deploy.0 = Release|Any CPU
		{41327749-C1C1-4025-BDE2-AEB1EEDFE37B}.Release|iPhoneSimulator.ActiveCfg = Release|Any CPU
		{41327749-C1C1-4025-BDE2-AEB1EEDFE37B}.Release|iPhoneSimulator.Build.0 = Release|Any CPU
		{41327749-C1C1-4025-BDE2-AEB1EEDFE37B}.Release|iPhoneSimulator.Deploy.0 = Release|Any CPU
		{41327749-C1C1-4025-BDE2-AEB1EEDFE37B}.Release|x64.ActiveCfg = Release|Any CPU
		{41327749-C1C1-4025-BDE2-AEB1EEDFE37B}.Release|x64.Build.0 = Release|Any CPU
		{41327749-C1C1-4025-BDE2-AEB1EEDFE37B}.Release|x64.Deploy.0 = Release|Any CPU
		{41327749-C1C1-4025-BDE2-AEB1EEDFE37B}.Release|x86.ActiveCfg = Release|Any CPU
		{41327749-C1C1-4025-BDE2-AEB1EEDFE37B}.Release|x86.Build.0 = Release|Any CPU
		{41327749-C1C1-4025-BDE2-AEB1EEDFE37B}.Release|x86.Deploy.0 = Release|Any CPU
		{D7BD0D25-C071-4912-883D-49C6531D6107}.Ad-Hoc|Any CPU.ActiveCfg = Ad-Hoc|iPhone
		{D7BD0D25-C071-4912-883D-49C6531D6107}.Ad-Hoc|ARM.ActiveCfg = Ad-Hoc|iPhone
		{D7BD0D25-C071-4912-883D-49C6531D6107}.Ad-Hoc|iPhone.ActiveCfg = Ad-Hoc|iPhone
		{D7BD0D25-C071-4912-883D-49C6531D6107}.Ad-Hoc|iPhone.Build.0 = Ad-Hoc|iPhone
		{D7BD0D25-C071-4912-883D-49C6531D6107}.Ad-Hoc|iPhoneSimulator.ActiveCfg = Ad-Hoc|iPhoneSimulator
		{D7BD0D25-C071-4912-883D-49C6531D6107}.Ad-Hoc|iPhoneSimulator.Build.0 = Ad-Hoc|iPhoneSimulator
		{D7BD0D25-C071-4912-883D-49C6531D6107}.Ad-Hoc|x64.ActiveCfg = Ad-Hoc|iPhone
		{D7BD0D25-C071-4912-883D-49C6531D6107}.Ad-Hoc|x86.ActiveCfg = Ad-Hoc|iPhone
		{D7BD0D25-C071-4912-883D-49C6531D6107}.AppStore|Any CPU.ActiveCfg = AppStore|iPhone
		{D7BD0D25-C071-4912-883D-49C6531D6107}.AppStore|ARM.ActiveCfg = AppStore|iPhone
		{D7BD0D25-C071-4912-883D-49C6531D6107}.AppStore|iPhone.ActiveCfg = AppStore|iPhone
		{D7BD0D25-C071-4912-883D-49C6531D6107}.AppStore|iPhone.Build.0 = AppStore|iPhone
		{D7BD0D25-C071-4912-883D-49C6531D6107}.AppStore|iPhoneSimulator.ActiveCfg = AppStore|iPhoneSimulator
		{D7BD0D25-C071-4912-883D-49C6531D6107}.AppStore|iPhoneSimulator.Build.0 = AppStore|iPhoneSimulator
		{D7BD0D25-C071-4912-883D-49C6531D6107}.AppStore|x64.ActiveCfg = AppStore|iPhone
		{D7BD0D25-C071-4912-883D-49C6531D6107}.AppStore|x86.ActiveCfg = AppStore|iPhone
		{D7BD0D25-C071-4912-883D-49C6531D6107}.Debug|Any CPU.ActiveCfg = Debug|iPhone
		{D7BD0D25-C071-4912-883D-49C6531D6107}.Debug|ARM.ActiveCfg = Debug|iPhone
		{D7BD0D25-C071-4912-883D-49C6531D6107}.Debug|iPhone.ActiveCfg = Debug|iPhone
		{D7BD0D25-C071-4912-883D-49C6531D6107}.Debug|iPhone.Build.0 = Debug|iPhone
		{D7BD0D25-C071-4912-883D-49C6531D6107}.Debug|iPhoneSimulator.ActiveCfg = Debug|iPhoneSimulator
		{D7BD0D25-C071-4912-883D-49C6531D6107}.Debug|iPhoneSimulator.Build.0 = Debug|iPhoneSimulator
		{D7BD0D25-C071-4912-883D-49C6531D6107}.Debug|x64.ActiveCfg = Debug|iPhone
		{D7BD0D25-C071-4912-883D-49C6531D6107}.Debug|x86.ActiveCfg = Debug|iPhone
		{D7BD0D25-C071-4912-883D-49C6531D6107}.Release|Any CPU.ActiveCfg = Release|iPhone
		{D7BD0D25-C071-4912-883D-49C6531D6107}.Release|ARM.ActiveCfg = Release|iPhone
		{D7BD0D25-C071-4912-883D-49C6531D6107}.Release|iPhone.ActiveCfg = Release|iPhone
		{D7BD0D25-C071-4912-883D-49C6531D6107}.Release|iPhone.Build.0 = Release|iPhone
		{D7BD0D25-C071-4912-883D-49C6531D6107}.Release|iPhoneSimulator.ActiveCfg = Release|iPhoneSimulator
		{D7BD0D25-C071-4912-883D-49C6531D6107}.Release|iPhoneSimulator.Build.0 = Release|iPhoneSimulator
		{D7BD0D25-C071-4912-883D-49C6531D6107}.Release|x64.ActiveCfg = Release|iPhone
		{D7BD0D25-C071-4912-883D-49C6531D6107}.Release|x86.ActiveCfg = Release|iPhone
		{42899FA3-AD6B-47B7-9998-3BF6C499C2D5}.Ad-Hoc|Any CPU.ActiveCfg = Release|x86
		{42899FA3-AD6B-47B7-9998-3BF6C499C2D5}.Ad-Hoc|Any CPU.Build.0 = Release|x86
		{42899FA3-AD6B-47B7-9998-3BF6C499C2D5}.Ad-Hoc|Any CPU.Deploy.0 = Release|x86
		{42899FA3-AD6B-47B7-9998-3BF6C499C2D5}.Ad-Hoc|ARM.ActiveCfg = Release|ARM
		{42899FA3-AD6B-47B7-9998-3BF6C499C2D5}.Ad-Hoc|ARM.Build.0 = Release|ARM
		{42899FA3-AD6B-47B7-9998-3BF6C499C2D5}.Ad-Hoc|ARM.Deploy.0 = Release|ARM
		{42899FA3-AD6B-47B7-9998-3BF6C499C2D5}.Ad-Hoc|iPhone.ActiveCfg = Release|x86
		{42899FA3-AD6B-47B7-9998-3BF6C499C2D5}.Ad-Hoc|iPhone.Build.0 = Release|x86
		{42899FA3-AD6B-47B7-9998-3BF6C499C2D5}.Ad-Hoc|iPhone.Deploy.0 = Release|x86
		{42899FA3-AD6B-47B7-9998-3BF6C499C2D5}.Ad-Hoc|iPhoneSimulator.ActiveCfg = Release|x86
		{42899FA3-AD6B-47B7-9998-3BF6C499C2D5}.Ad-Hoc|iPhoneSimulator.Build.0 = Release|x86
		{42899FA3-AD6B-47B7-9998-3BF6C499C2D5}.Ad-Hoc|iPhoneSimulator.Deploy.0 = Release|x86
		{42899FA3-AD6B-47B7-9998-3BF6C499C2D5}.Ad-Hoc|x64.ActiveCfg = Release|x64
		{42899FA3-AD6B-47B7-9998-3BF6C499C2D5}.Ad-Hoc|x64.Build.0 = Release|x64
		{42899FA3-AD6B-47B7-9998-3BF6C499C2D5}.Ad-Hoc|x64.Deploy.0 = Release|x64
		{42899FA3-AD6B-47B7-9998-3BF6C499C2D5}.Ad-Hoc|x86.ActiveCfg = Release|x86
		{42899FA3-AD6B-47B7-9998-3BF6C499C2D5}.Ad-Hoc|x86.Build.0 = Release|x86
		{42899FA3-AD6B-47B7-9998-3BF6C499C2D5}.Ad-Hoc|x86.Deploy.0 = Release|x86
		{42899FA3-AD6B-47B7-9998-3BF6C499C2D5}.AppStore|Any CPU.ActiveCfg = Release|x86
		{42899FA3-AD6B-47B7-9998-3BF6C499C2D5}.AppStore|Any CPU.Build.0 = Release|x86
		{42899FA3-AD6B-47B7-9998-3BF6C499C2D5}.AppStore|Any CPU.Deploy.0 = Release|x86
		{42899FA3-AD6B-47B7-9998-3BF6C499C2D5}.AppStore|ARM.ActiveCfg = Release|ARM
		{42899FA3-AD6B-47B7-9998-3BF6C499C2D5}.AppStore|ARM.Build.0 = Release|ARM
		{42899FA3-AD6B-47B7-9998-3BF6C499C2D5}.AppStore|ARM.Deploy.0 = Release|ARM
		{42899FA3-AD6B-47B7-9998-3BF6C499C2D5}.AppStore|iPhone.ActiveCfg = Release|x86
		{42899FA3-AD6B-47B7-9998-3BF6C499C2D5}.AppStore|iPhone.Build.0 = Release|x86
		{42899FA3-AD6B-47B7-9998-3BF6C499C2D5}.AppStore|iPhone.Deploy.0 = Release|x86
		{42899FA3-AD6B-47B7-9998-3BF6C499C2D5}.AppStore|iPhoneSimulator.ActiveCfg = Release|x86
		{42899FA3-AD6B-47B7-9998-3BF6C499C2D5}.AppStore|iPhoneSimulator.Build.0 = Release|x86
		{42899FA3-AD6B-47B7-9998-3BF6C499C2D5}.AppStore|iPhoneSimulator.Deploy.0 = Release|x86
		{42899FA3-AD6B-47B7-9998-3BF6C499C2D5}.AppStore|x64.ActiveCfg = Release|x64
		{42899FA3-AD6B-47B7-9998-3BF6C499C2D5}.AppStore|x64.Build.0 = Release|x64
		{42899FA3-AD6B-47B7-9998-3BF6C499C2D5}.AppStore|x64.Deploy.0 = Release|x64
		{42899FA3-AD6B-47B7-9998-3BF6C499C2D5}.AppStore|x86.ActiveCfg = Release|x86
		{42899FA3-AD6B-47B7-9998-3BF6C499C2D5}.AppStore|x86.Build.0 = Release|x86
		{42899FA3-AD6B-47B7-9998-3BF6C499C2D5}.AppStore|x86.Deploy.0 = Release|x86
		{42899FA3-AD6B-47B7-9998-3BF6C499C2D5}.Debug|Any CPU.ActiveCfg = Debug|x86
		{42899FA3-AD6B-47B7-9998-3BF6C499C2D5}.Debug|ARM.ActiveCfg = Debug|ARM
		{42899FA3-AD6B-47B7-9998-3BF6C499C2D5}.Debug|ARM.Build.0 = Debug|ARM
		{42899FA3-AD6B-47B7-9998-3BF6C499C2D5}.Debug|ARM.Deploy.0 = Debug|ARM
		{42899FA3-AD6B-47B7-9998-3BF6C499C2D5}.Debug|iPhone.ActiveCfg = Debug|x86
		{42899FA3-AD6B-47B7-9998-3BF6C499C2D5}.Debug|iPhoneSimulator.ActiveCfg = Debug|x86
		{42899FA3-AD6B-47B7-9998-3BF6C499C2D5}.Debug|x64.ActiveCfg = Debug|x64
		{42899FA3-AD6B-47B7-9998-3BF6C499C2D5}.Debug|x64.Build.0 = Debug|x64
		{42899FA3-AD6B-47B7-9998-3BF6C499C2D5}.Debug|x64.Deploy.0 = Debug|x64
		{42899FA3-AD6B-47B7-9998-3BF6C499C2D5}.Debug|x86.ActiveCfg = Debug|x86
		{42899FA3-AD6B-47B7-9998-3BF6C499C2D5}.Debug|x86.Build.0 = Debug|x86
		{42899FA3-AD6B-47B7-9998-3BF6C499C2D5}.Debug|x86.Deploy.0 = Debug|x86
		{42899FA3-AD6B-47B7-9998-3BF6C499C2D5}.Release|Any CPU.ActiveCfg = Release|x86
		{42899FA3-AD6B-47B7-9998-3BF6C499C2D5}.Release|ARM.ActiveCfg = Release|ARM
		{42899FA3-AD6B-47B7-9998-3BF6C499C2D5}.Release|ARM.Build.0 = Release|ARM
		{42899FA3-AD6B-47B7-9998-3BF6C499C2D5}.Release|ARM.Deploy.0 = Release|ARM
		{42899FA3-AD6B-47B7-9998-3BF6C499C2D5}.Release|iPhone.ActiveCfg = Release|x86
		{42899FA3-AD6B-47B7-9998-3BF6C499C2D5}.Release|iPhoneSimulator.ActiveCfg = Release|x86
		{42899FA3-AD6B-47B7-9998-3BF6C499C2D5}.Release|x64.ActiveCfg = Release|x64
		{42899FA3-AD6B-47B7-9998-3BF6C499C2D5}.Release|x64.Build.0 = Release|x64
		{42899FA3-AD6B-47B7-9998-3BF6C499C2D5}.Release|x64.Deploy.0 = Release|x64
		{42899FA3-AD6B-47B7-9998-3BF6C499C2D5}.Release|x86.ActiveCfg = Release|x86
		{42899FA3-AD6B-47B7-9998-3BF6C499C2D5}.Release|x86.Build.0 = Release|x86
		{42899FA3-AD6B-47B7-9998-3BF6C499C2D5}.Release|x86.Deploy.0 = Release|x86
		{88499048-8C77-4D7F-8403-5448D877676E}.Ad-Hoc|Any CPU.ActiveCfg = Debug|Any CPU
		{88499048-8C77-4D7F-8403-5448D877676E}.Ad-Hoc|Any CPU.Build.0 = Debug|Any CPU
		{88499048-8C77-4D7F-8403-5448D877676E}.Ad-Hoc|ARM.ActiveCfg = Debug|Any CPU
		{88499048-8C77-4D7F-8403-5448D877676E}.Ad-Hoc|ARM.Build.0 = Debug|Any CPU
		{88499048-8C77-4D7F-8403-5448D877676E}.Ad-Hoc|iPhone.ActiveCfg = Debug|Any CPU
		{88499048-8C77-4D7F-8403-5448D877676E}.Ad-Hoc|iPhone.Build.0 = Debug|Any CPU
		{88499048-8C77-4D7F-8403-5448D877676E}.Ad-Hoc|iPhoneSimulator.ActiveCfg = Debug|Any CPU
		{88499048-8C77-4D7F-8403-5448D877676E}.Ad-Hoc|iPhoneSimulator.Build.0 = Debug|Any CPU
		{88499048-8C77-4D7F-8403-5448D877676E}.Ad-Hoc|x64.ActiveCfg = Debug|Any CPU
		{88499048-8C77-4D7F-8403-5448D877676E}.Ad-Hoc|x64.Build.0 = Debug|Any CPU
		{88499048-8C77-4D7F-8403-5448D877676E}.Ad-Hoc|x86.ActiveCfg = Debug|Any CPU
		{88499048-8C77-4D7F-8403-5448D877676E}.Ad-Hoc|x86.Build.0 = Debug|Any CPU
		{88499048-8C77-4D7F-8403-5448D877676E}.AppStore|Any CPU.ActiveCfg = Debug|Any CPU
		{88499048-8C77-4D7F-8403-5448D877676E}.AppStore|Any CPU.Build.0 = Debug|Any CPU
		{88499048-8C77-4D7F-8403-5448D877676E}.AppStore|ARM.ActiveCfg = Debug|Any CPU
		{88499048-8C77-4D7F-8403-5448D877676E}.AppStore|ARM.Build.0 = Debug|Any CPU
		{88499048-8C77-4D7F-8403-5448D877676E}.AppStore|iPhone.ActiveCfg = Debug|Any CPU
		{88499048-8C77-4D7F-8403-5448D877676E}.AppStore|iPhone.Build.0 = Debug|Any CPU
		{88499048-8C77-4D7F-8403-5448D877676E}.AppStore|iPhoneSimulator.ActiveCfg = Debug|Any CPU
		{88499048-8C77-4D7F-8403-5448D877676E}.AppStore|iPhoneSimulator.Build.0 = Debug|Any CPU
		{88499048-8C77-4D7F-8403-5448D877676E}.AppStore|x64.ActiveCfg = Debug|Any CPU
		{88499048-8C77-4D7F-8403-5448D877676E}.AppStore|x64.Build.0 = Debug|Any CPU
		{88499048-8C77-4D7F-8403-5448D877676E}.AppStore|x86.ActiveCfg = Debug|Any CPU
		{88499048-8C77-4D7F-8403-5448D877676E}.AppStore|x86.Build.0 = Debug|Any CPU
		{88499048-8C77-4D7F-8403-5448D877676E}.Debug|Any CPU.ActiveCfg = Debug|Any CPU
		{88499048-8C77-4D7F-8403-5448D877676E}.Debug|Any CPU.Build.0 = Debug|Any CPU
		{88499048-8C77-4D7F-8403-5448D877676E}.Debug|ARM.ActiveCfg = Debug|Any CPU
		{88499048-8C77-4D7F-8403-5448D877676E}.Debug|ARM.Build.0 = Debug|Any CPU
		{88499048-8C77-4D7F-8403-5448D877676E}.Debug|iPhone.ActiveCfg = Debug|Any CPU
		{88499048-8C77-4D7F-8403-5448D877676E}.Debug|iPhone.Build.0 = Debug|Any CPU
		{88499048-8C77-4D7F-8403-5448D877676E}.Debug|iPhoneSimulator.ActiveCfg = Debug|Any CPU
		{88499048-8C77-4D7F-8403-5448D877676E}.Debug|iPhoneSimulator.Build.0 = Debug|Any CPU
		{88499048-8C77-4D7F-8403-5448D877676E}.Debug|x64.ActiveCfg = Debug|Any CPU
		{88499048-8C77-4D7F-8403-5448D877676E}.Debug|x64.Build.0 = Debug|Any CPU
		{88499048-8C77-4D7F-8403-5448D877676E}.Debug|x86.ActiveCfg = Debug|Any CPU
		{88499048-8C77-4D7F-8403-5448D877676E}.Debug|x86.Build.0 = Debug|Any CPU
		{88499048-8C77-4D7F-8403-5448D877676E}.Release|Any CPU.ActiveCfg = Release|Any CPU
		{88499048-8C77-4D7F-8403-5448D877676E}.Release|Any CPU.Build.0 = Release|Any CPU
		{88499048-8C77-4D7F-8403-5448D877676E}.Release|ARM.ActiveCfg = Release|Any CPU
		{88499048-8C77-4D7F-8403-5448D877676E}.Release|ARM.Build.0 = Release|Any CPU
		{88499048-8C77-4D7F-8403-5448D877676E}.Release|iPhone.ActiveCfg = Release|Any CPU
		{88499048-8C77-4D7F-8403-5448D877676E}.Release|iPhone.Build.0 = Release|Any CPU
		{88499048-8C77-4D7F-8403-5448D877676E}.Release|iPhoneSimulator.ActiveCfg = Release|Any CPU
		{88499048-8C77-4D7F-8403-5448D877676E}.Release|iPhoneSimulator.Build.0 = Release|Any CPU
		{88499048-8C77-4D7F-8403-5448D877676E}.Release|x64.ActiveCfg = Release|Any CPU
		{88499048-8C77-4D7F-8403-5448D877676E}.Release|x64.Build.0 = Release|Any CPU
		{88499048-8C77-4D7F-8403-5448D877676E}.Release|x86.ActiveCfg = Release|Any CPU
		{88499048-8C77-4D7F-8403-5448D877676E}.Release|x86.Build.0 = Release|Any CPU
		{B18330F7-A381-4043-B855-D05E88E35850}.Ad-Hoc|Any CPU.ActiveCfg = Debug|Any CPU
		{B18330F7-A381-4043-B855-D05E88E35850}.Ad-Hoc|Any CPU.Build.0 = Debug|Any CPU
		{B18330F7-A381-4043-B855-D05E88E35850}.Ad-Hoc|ARM.ActiveCfg = Debug|Any CPU
		{B18330F7-A381-4043-B855-D05E88E35850}.Ad-Hoc|ARM.Build.0 = Debug|Any CPU
		{B18330F7-A381-4043-B855-D05E88E35850}.Ad-Hoc|iPhone.ActiveCfg = Debug|Any CPU
		{B18330F7-A381-4043-B855-D05E88E35850}.Ad-Hoc|iPhone.Build.0 = Debug|Any CPU
		{B18330F7-A381-4043-B855-D05E88E35850}.Ad-Hoc|iPhoneSimulator.ActiveCfg = Debug|Any CPU
		{B18330F7-A381-4043-B855-D05E88E35850}.Ad-Hoc|iPhoneSimulator.Build.0 = Debug|Any CPU
		{B18330F7-A381-4043-B855-D05E88E35850}.Ad-Hoc|x64.ActiveCfg = Debug|Any CPU
		{B18330F7-A381-4043-B855-D05E88E35850}.Ad-Hoc|x64.Build.0 = Debug|Any CPU
		{B18330F7-A381-4043-B855-D05E88E35850}.Ad-Hoc|x86.ActiveCfg = Debug|Any CPU
		{B18330F7-A381-4043-B855-D05E88E35850}.Ad-Hoc|x86.Build.0 = Debug|Any CPU
		{B18330F7-A381-4043-B855-D05E88E35850}.AppStore|Any CPU.ActiveCfg = Debug|Any CPU
		{B18330F7-A381-4043-B855-D05E88E35850}.AppStore|Any CPU.Build.0 = Debug|Any CPU
		{B18330F7-A381-4043-B855-D05E88E35850}.AppStore|ARM.ActiveCfg = Debug|Any CPU
		{B18330F7-A381-4043-B855-D05E88E35850}.AppStore|ARM.Build.0 = Debug|Any CPU
		{B18330F7-A381-4043-B855-D05E88E35850}.AppStore|iPhone.ActiveCfg = Debug|Any CPU
		{B18330F7-A381-4043-B855-D05E88E35850}.AppStore|iPhone.Build.0 = Debug|Any CPU
		{B18330F7-A381-4043-B855-D05E88E35850}.AppStore|iPhoneSimulator.ActiveCfg = Debug|Any CPU
		{B18330F7-A381-4043-B855-D05E88E35850}.AppStore|iPhoneSimulator.Build.0 = Debug|Any CPU
		{B18330F7-A381-4043-B855-D05E88E35850}.AppStore|x64.ActiveCfg = Debug|Any CPU
		{B18330F7-A381-4043-B855-D05E88E35850}.AppStore|x64.Build.0 = Debug|Any CPU
		{B18330F7-A381-4043-B855-D05E88E35850}.AppStore|x86.ActiveCfg = Debug|Any CPU
		{B18330F7-A381-4043-B855-D05E88E35850}.AppStore|x86.Build.0 = Debug|Any CPU
		{B18330F7-A381-4043-B855-D05E88E35850}.Debug|Any CPU.ActiveCfg = Debug|Any CPU
		{B18330F7-A381-4043-B855-D05E88E35850}.Debug|Any CPU.Build.0 = Debug|Any CPU
		{B18330F7-A381-4043-B855-D05E88E35850}.Debug|ARM.ActiveCfg = Debug|Any CPU
		{B18330F7-A381-4043-B855-D05E88E35850}.Debug|ARM.Build.0 = Debug|Any CPU
		{B18330F7-A381-4043-B855-D05E88E35850}.Debug|iPhone.ActiveCfg = Debug|Any CPU
		{B18330F7-A381-4043-B855-D05E88E35850}.Debug|iPhone.Build.0 = Debug|Any CPU
		{B18330F7-A381-4043-B855-D05E88E35850}.Debug|iPhoneSimulator.ActiveCfg = Debug|Any CPU
		{B18330F7-A381-4043-B855-D05E88E35850}.Debug|iPhoneSimulator.Build.0 = Debug|Any CPU
		{B18330F7-A381-4043-B855-D05E88E35850}.Debug|x64.ActiveCfg = Debug|Any CPU
		{B18330F7-A381-4043-B855-D05E88E35850}.Debug|x64.Build.0 = Debug|Any CPU
		{B18330F7-A381-4043-B855-D05E88E35850}.Debug|x86.ActiveCfg = Debug|Any CPU
		{B18330F7-A381-4043-B855-D05E88E35850}.Debug|x86.Build.0 = Debug|Any CPU
		{B18330F7-A381-4043-B855-D05E88E35850}.Release|Any CPU.ActiveCfg = Release|Any CPU
		{B18330F7-A381-4043-B855-D05E88E35850}.Release|Any CPU.Build.0 = Release|Any CPU
		{B18330F7-A381-4043-B855-D05E88E35850}.Release|ARM.ActiveCfg = Release|Any CPU
		{B18330F7-A381-4043-B855-D05E88E35850}.Release|ARM.Build.0 = Release|Any CPU
		{B18330F7-A381-4043-B855-D05E88E35850}.Release|iPhone.ActiveCfg = Release|Any CPU
		{B18330F7-A381-4043-B855-D05E88E35850}.Release|iPhone.Build.0 = Release|Any CPU
		{B18330F7-A381-4043-B855-D05E88E35850}.Release|iPhoneSimulator.ActiveCfg = Release|Any CPU
		{B18330F7-A381-4043-B855-D05E88E35850}.Release|iPhoneSimulator.Build.0 = Release|Any CPU
		{B18330F7-A381-4043-B855-D05E88E35850}.Release|x64.ActiveCfg = Release|Any CPU
		{B18330F7-A381-4043-B855-D05E88E35850}.Release|x64.Build.0 = Release|Any CPU
		{B18330F7-A381-4043-B855-D05E88E35850}.Release|x86.ActiveCfg = Release|Any CPU
		{B18330F7-A381-4043-B855-D05E88E35850}.Release|x86.Build.0 = Release|Any CPU
	EndGlobalSection
	GlobalSection(SolutionProperties) = preSolution
		HideSolutionNode = FALSE
	EndGlobalSection
	GlobalSection(NestedProjects) = preSolution
		{41327749-C1C1-4025-BDE2-AEB1EEDFE37B} = {E7532A34-2AEA-4B9D-9CC5-833BE17AEABE}
		{D7BD0D25-C071-4912-883D-49C6531D6107} = {E7532A34-2AEA-4B9D-9CC5-833BE17AEABE}
		{42899FA3-AD6B-47B7-9998-3BF6C499C2D5} = {E7532A34-2AEA-4B9D-9CC5-833BE17AEABE}
		{88499048-8C77-4D7F-8403-5448D877676E} = {E7532A34-2AEA-4B9D-9CC5-833BE17AEABE}
	EndGlobalSection
	GlobalSection(ExtensibilityGlobals) = postSolution
		SolutionGuid = {804AFF20-CF93-48AE-9DA9-9D506888A9F8}
	EndGlobalSection
EndGlobal
