
Microsoft Visual Studio Solution File, Format Version 12.00
# Visual Studio 15
VisualStudioVersion = 15.0.26730.10
MinimumVisualStudioVersion = 10.0.40219.1
Project("{9A19103F-16F7-4668-BE54-9A1E7A4F7556}") = "Xamarin.ToDoITem", "Xamarin.ToDoITem\Xamarin.ToDoITem\Xamarin.ToDoITem.csproj", "{733B08A6-D968-4916-B4EE-9204FD456C4B}"
EndProject
Project("{FAE04EC0-301F-11D3-BF4B-00C04F79EFBC}") = "Xamarin.ToDoITem.iOS", "Xamarin.ToDoITem\Xamarin.ToDoITem.iOS\Xamarin.ToDoITem.iOS.csproj", "{D7BD0D25-C071-4912-883D-49C6531D6107}"
EndProject
Project("{FAE04EC0-301F-11D3-BF4B-00C04F79EFBC}") = "Xamarin.ToDoITem.Android", "Xamarin.ToDoITem\Xamarin.ToDoITem.Android\Xamarin.ToDoITem.Android.csproj", "{41327749-C1C1-4025-BDE2-AEB1EEDFE37B}"
EndProject
Project("{FAE04EC0-301F-11D3-BF4B-00C04F79EFBC}") = "Xamarin.ToDoITem.UWP", "Xamarin.ToDoITem\Xamarin.ToDoITem.UWP\Xamarin.ToDoITem.UWP.csproj", "{42899FA3-AD6B-47B7-9998-3BF6C499C2D5}"
EndProject
Global
	GlobalSection(SolutionConfigurationPlatforms) = preSolution
		Ad-Hoc|Any CPU = Ad-Hoc|Any CPU
		Ad-Hoc|ARM = Ad-Hoc|ARM
		Ad-Hoc|iPhone = Ad-Hoc|iPhone
		Ad-Hoc|iPhoneSimulator = Ad-Hoc|iPhoneSimulator
		Ad-Hoc|x64 = Ad-Hoc|x64
		Ad-Hoc|x86 = Ad-Hoc|x86
		AppStore|Any CPU = AppStore|Any CPU
		AppStore|ARM = AppStore|ARM
		AppStore|iPhone = AppStore|iPhone
		AppStore|iPhoneSimulator = AppStore|iPhoneSimulator
		AppStore|x64 = AppStore|x64
		AppStore|x86 = AppStore|x86
		Debug|Any CPU = Debug|Any CPU
		Debug|ARM = Debug|ARM
		Debug|iPhone = Debug|iPhone
		Debug|iPhoneSimulator = Debug|iPhoneSimulator
		Debug|x64 = Debug|x64
		Debug|x86 = Debug|x86
		Release|Any CPU = Release|Any CPU
		Release|ARM = Release|ARM
		Release|iPhone = Release|iPhone
		Release|iPhoneSimulator = Release|iPhoneSimulator
		Release|x64 = Release|x64
		Release|x86 = Release|x86
	EndGlobalSection
	GlobalSection(ProjectConfigurationPlatforms) = postSolution
		{733B08A6-D968-4916-B4EE-9204FD456C4B}.Ad-Hoc|Any CPU.ActiveCfg = Debug|Any CPU
		{733B08A6-D968-4916-B4EE-9204FD456C4B}.Ad-Hoc|Any CPU.Build.0 = Debug|Any CPU
		{733B08A6-D968-4916-B4EE-9204FD456C4B}.Ad-Hoc|ARM.ActiveCfg = Debug|Any CPU
		{733B08A6-D968-4916-B4EE-9204FD456C4B}.Ad-Hoc|ARM.Build.0 = Debug|Any CPU
		{733B08A6-D968-4916-B4EE-9204FD456C4B}.Ad-Hoc|iPhone.ActiveCfg = Debug|Any CPU
		{733B08A6-D968-4916-B4EE-9204FD456C4B}.Ad-Hoc|iPhone.Build.0 = Debug|Any CPU
		{733B08A6-D968-4916-B4EE-9204FD456C4B}.Ad-Hoc|iPhoneSimulator.ActiveCfg = Debug|Any CPU
		{733B08A6-D968-4916-B4EE-9204FD456C4B}.Ad-Hoc|iPhoneSimulator.Build.0 = Debug|Any CPU
		{733B08A6-D968-4916-B4EE-9204FD456C4B}.Ad-Hoc|x64.ActiveCfg = Debug|Any CPU
		{733B08A6-D968-4916-B4EE-9204FD456C4B}.Ad-Hoc|x64.Build.0 = Debug|Any CPU
		{733B08A6-D968-4916-B4EE-9204FD456C4B}.Ad-Hoc|x86.ActiveCfg = Debug|Any CPU
		{733B08A6-D968-4916-B4EE-9204FD456C4B}.Ad-Hoc|x86.Build.0 = Debug|Any CPU
		{733B08A6-D968-4916-B4EE-9204FD456C4B}.AppStore|Any CPU.ActiveCfg = Debug|Any CPU
		{733B08A6-D968-4916-B4EE-9204FD456C4B}.AppStore|Any CPU.Build.0 = Debug|Any CPU
		{733B08A6-D968-4916-B4EE-9204FD456C4B}.AppStore|ARM.ActiveCfg = Debug|Any CPU
		{733B08A6-D968-4916-B4EE-9204FD456C4B}.AppStore|ARM.Build.0 = Debug|Any CPU
		{733B08A6-D968-4916-B4EE-9204FD456C4B}.AppStore|iPhone.ActiveCfg = Debug|Any CPU
		{733B08A6-D968-4916-B4EE-9204FD456C4B}.AppStore|iPhone.Build.0 = Debug|Any CPU
		{733B08A6-D968-4916-B4EE-9204FD456C4B}.AppStore|iPhoneSimulator.ActiveCfg = Debug|Any CPU
		{733B08A6-D968-4916-B4EE-9204FD456C4B}.AppStore|iPhoneSimulator.Build.0 = Debug|Any CPU
		{733B08A6-D968-4916-B4EE-9204FD456C4B}.AppStore|x64.ActiveCfg = Debug|Any CPU
		{733B08A6-D968-4916-B4EE-9204FD456C4B}.AppStore|x64.Build.0 = Debug|Any CPU
		{733B08A6-D968-4916-B4EE-9204FD456C4B}.AppStore|x86.ActiveCfg = Debug|Any CPU
		{733B08A6-D968-4916-B4EE-9204FD456C4B}.AppStore|x86.Build.0 = Debug|Any CPU
		{733B08A6-D968-4916-B4EE-9204FD456C4B}.Debug|Any CPU.ActiveCfg = Debug|Any CPU
		{733B08A6-D968-4916-B4EE-9204FD456C4B}.Debug|Any CPU.Build.0 = Debug|Any CPU
		{733B08A6-D968-4916-B4EE-9204FD456C4B}.Debug|ARM.ActiveCfg = Debug|Any CPU
		{733B08A6-D968-4916-B4EE-9204FD456C4B}.Debug|ARM.Build.0 = Debug|Any CPU
		{733B08A6-D968-4916-B4EE-9204FD456C4B}.Debug|iPhone.ActiveCfg = Debug|Any CPU
		{733B08A6-D968-4916-B4EE-9204FD456C4B}.Debug|iPhone.Build.0 = Debug|Any CPU
		{733B08A6-D968-4916-B4EE-9204FD456C4B}.Debug|iPhoneSimulator.ActiveCfg = Debug|Any CPU
		{733B08A6-D968-4916-B4EE-9204FD456C4B}.Debug|iPhoneSimulator.Build.0 = Debug|Any CPU
		{733B08A6-D968-4916-B4EE-9204FD456C4B}.Debug|x64.ActiveCfg = Debug|Any CPU
		{733B08A6-D968-4916-B4EE-9204FD456C4B}.Debug|x64.Build.0 = Debug|Any CPU
		{733B08A6-D968-4916-B4EE-9204FD456C4B}.Debug|x86.ActiveCfg = Debug|Any CPU
		{733B08A6-D968-4916-B4EE-9204FD456C4B}.Debug|x86.Build.0 = Debug|Any CPU
		{733B08A6-D968-4916-B4EE-9204FD456C4B}.Release|Any CPU.ActiveCfg = Release|Any CPU
		{733B08A6-D968-4916-B4EE-9204FD456C4B}.Release|Any CPU.Build.0 = Release|Any CPU
		{733B08A6-D968-4916-B4EE-9204FD456C4B}.Release|ARM.ActiveCfg = Release|Any CPU
		{733B08A6-D968-4916-B4EE-9204FD456C4B}.Release|ARM.Build.0 = Release|Any CPU
		{733B08A6-D968-4916-B4EE-9204FD456C4B}.Release|iPhone.ActiveCfg = Release|Any CPU
		{733B08A6-D968-4916-B4EE-9204FD456C4B}.Release|iPhone.Build.0 = Release|Any CPU
		{733B08A6-D968-4916-B4EE-9204FD456C4B}.Release|iPhoneSimulator.ActiveCfg = Release|Any CPU
		{733B08A6-D968-4916-B4EE-9204FD456C4B}.Release|iPhoneSimulator.Build.0 = Release|Any CPU
		{733B08A6-D968-4916-B4EE-9204FD456C4B}.Release|x64.ActiveCfg = Release|Any CPU
		{733B08A6-D968-4916-B4EE-9204FD456C4B}.Release|x64.Build.0 = Release|Any CPU
		{733B08A6-D968-4916-B4EE-9204FD456C4B}.Release|x86.ActiveCfg = Release|Any CPU
		{733B08A6-D968-4916-B4EE-9204FD456C4B}.Release|x86.Build.0 = Release|Any CPU
		{D7BD0D25-C071-4912-883D-49C6531D6107}.Ad-Hoc|Any CPU.ActiveCfg = Ad-Hoc|iPhone
		{D7BD0D25-C071-4912-883D-49C6531D6107}.Ad-Hoc|ARM.ActiveCfg = Ad-Hoc|iPhone
		{D7BD0D25-C071-4912-883D-49C6531D6107}.Ad-Hoc|iPhone.ActiveCfg = Ad-Hoc|iPhone
		{D7BD0D25-C071-4912-883D-49C6531D6107}.Ad-Hoc|iPhone.Build.0 = Ad-Hoc|iPhone
		{D7BD0D25-C071-4912-883D-49C6531D6107}.Ad-Hoc|iPhoneSimulator.ActiveCfg = Ad-Hoc|iPhoneSimulator
		{D7BD0D25-C071-4912-883D-49C6531D6107}.Ad-Hoc|iPhoneSimulator.Build.0 = Ad-Hoc|iPhoneSimulator
		{D7BD0D25-C071-4912-883D-49C6531D6107}.Ad-Hoc|x64.ActiveCfg = Ad-Hoc|iPhone
		{D7BD0D25-C071-4912-883D-49C6531D6107}.Ad-Hoc|x86.ActiveCfg = Ad-Hoc|iPhone
		{D7BD0D25-C071-4912-883D-49C6531D6107}.AppStore|Any CPU.ActiveCfg = AppStore|iPhone
		{D7BD0D25-C071-4912-883D-49C6531D6107}.AppStore|ARM.ActiveCfg = AppStore|iPhone
		{D7BD0D25-C071-4912-883D-49C6531D6107}.AppStore|iPhone.ActiveCfg = AppStore|iPhone
		{D7BD0D25-C071-4912-883D-49C6531D6107}.AppStore|iPhone.Build.0 = AppStore|iPhone
		{D7BD0D25-C071-4912-883D-49C6531D6107}.AppStore|iPhoneSimulator.ActiveCfg = AppStore|iPhoneSimulator
		{D7BD0D25-C071-4912-883D-49C6531D6107}.AppStore|iPhoneSimulator.Build.0 = AppStore|iPhoneSimulator
		{D7BD0D25-C071-4912-883D-49C6531D6107}.AppStore|x64.ActiveCfg = AppStore|iPhone
		{D7BD0D25-C071-4912-883D-49C6531D6107}.AppStore|x86.ActiveCfg = AppStore|iPhone
		{D7BD0D25-C071-4912-883D-49C6531D6107}.Debug|Any CPU.ActiveCfg = Debug|iPhone
		{D7BD0D25-C071-4912-883D-49C6531D6107}.Debug|ARM.ActiveCfg = Debug|iPhone
		{D7BD0D25-C071-4912-883D-49C6531D6107}.Debug|iPhone.ActiveCfg = Debug|iPhone
		{D7BD0D25-C071-4912-883D-49C6531D6107}.Debug|iPhone.Build.0 = Debug|iPhone
		{D7BD0D25-C071-4912-883D-49C6531D6107}.Debug|iPhoneSimulator.ActiveCfg = Debug|iPhoneSimulator
		{D7BD0D25-C071-4912-883D-49C6531D6107}.Debug|iPhoneSimulator.Build.0 = Debug|iPhoneSimulator
		{D7BD0D25-C071-4912-883D-49C6531D6107}.Debug|x64.ActiveCfg = Debug|iPhone
		{D7BD0D25-C071-4912-883D-49C6531D6107}.Debug|x86.ActiveCfg = Debug|iPhone
		{D7BD0D25-C071-4912-883D-49C6531D6107}.Release|Any CPU.ActiveCfg = Release|iPhone
		{D7BD0D25-C071-4912-883D-49C6531D6107}.Release|ARM.ActiveCfg = Release|iPhone
		{D7BD0D25-C071-4912-883D-49C6531D6107}.Release|iPhone.ActiveCfg = Release|iPhone
		{D7BD0D25-C071-4912-883D-49C6531D6107}.Release|iPhone.Build.0 = Release|iPhone
		{D7BD0D25-C071-4912-883D-49C6531D6107}.Release|iPhoneSimulator.ActiveCfg = Release|iPhoneSimulator
		{D7BD0D25-C071-4912-883D-49C6531D6107}.Release|iPhoneSimulator.Build.0 = Release|iPhoneSimulator
		{D7BD0D25-C071-4912-883D-49C6531D6107}.Release|x64.ActiveCfg = Release|iPhone
		{D7BD0D25-C071-4912-883D-49C6531D6107}.Release|x86.ActiveCfg = Release|iPhone
		{41327749-C1C1-4025-BDE2-AEB1EEDFE37B}.Ad-Hoc|Any CPU.ActiveCfg = Release|Any CPU
		{41327749-C1C1-4025-BDE2-AEB1EEDFE37B}.Ad-Hoc|Any CPU.Build.0 = Release|Any CPU
		{41327749-C1C1-4025-BDE2-AEB1EEDFE37B}.Ad-Hoc|Any CPU.Deploy.0 = Release|Any CPU
		{41327749-C1C1-4025-BDE2-AEB1EEDFE37B}.Ad-Hoc|ARM.ActiveCfg = Release|Any CPU
		{41327749-C1C1-4025-BDE2-AEB1EEDFE37B}.Ad-Hoc|ARM.Build.0 = Release|Any CPU
		{41327749-C1C1-4025-BDE2-AEB1EEDFE37B}.Ad-Hoc|ARM.Deploy.0 = Release|Any CPU
		{41327749-C1C1-4025-BDE2-AEB1EEDFE37B}.Ad-Hoc|iPhone.ActiveCfg = Release|Any CPU
		{41327749-C1C1-4025-BDE2-AEB1EEDFE37B}.Ad-Hoc|iPhone.Build.0 = Release|Any CPU
		{41327749-C1C1-4025-BDE2-AEB1EEDFE37B}.Ad-Hoc|iPhone.Deploy.0 = Release|Any CPU
		{41327749-C1C1-4025-BDE2-AEB1EEDFE37B}.Ad-Hoc|iPhoneSimulator.ActiveCfg = Release|Any CPU
		{41327749-C1C1-4025-BDE2-AEB1EEDFE37B}.Ad-Hoc|iPhoneSimulator.Build.0 = Release|Any CPU
		{41327749-C1C1-4025-BDE2-AEB1EEDFE37B}.Ad-Hoc|iPhoneSimulator.Deploy.0 = Release|Any CPU
		{41327749-C1C1-4025-BDE2-AEB1EEDFE37B}.Ad-Hoc|x64.ActiveCfg = Release|Any CPU
		{41327749-C1C1-4025-BDE2-AEB1EEDFE37B}.Ad-Hoc|x64.Build.0 = Release|Any CPU
		{41327749-C1C1-4025-BDE2-AEB1EEDFE37B}.Ad-Hoc|x64.Deploy.0 = Release|Any CPU
		{41327749-C1C1-4025-BDE2-AEB1EEDFE37B}.Ad-Hoc|x86.ActiveCfg = Release|Any CPU
		{41327749-C1C1-4025-BDE2-AEB1EEDFE37B}.Ad-Hoc|x86.Build.0 = Release|Any CPU
		{41327749-C1C1-4025-BDE2-AEB1EEDFE37B}.Ad-Hoc|x86.Deploy.0 = Release|Any CPU
		{41327749-C1C1-4025-BDE2-AEB1EEDFE37B}.AppStore|Any CPU.ActiveCfg = Release|Any CPU
		{41327749-C1C1-4025-BDE2-AEB1EEDFE37B}.AppStore|Any CPU.Build.0 = Release|Any CPU
		{41327749-C1C1-4025-BDE2-AEB1EEDFE37B}.AppStore|Any CPU.Deploy.0 = Release|Any CPU
		{41327749-C1C1-4025-BDE2-AEB1EEDFE37B}.AppStore|ARM.ActiveCfg = Release|Any CPU
		{41327749-C1C1-4025-BDE2-AEB1EEDFE37B}.AppStore|ARM.Build.0 = Release|Any CPU
		{41327749-C1C1-4025-BDE2-AEB1EEDFE37B}.AppStore|ARM.Deploy.0 = Release|Any CPU
		{41327749-C1C1-4025-BDE2-AEB1EEDFE37B}.AppStore|iPhone.ActiveCfg = Release|Any CPU
		{41327749-C1C1-4025-BDE2-AEB1EEDFE37B}.AppStore|iPhone.Build.0 = Release|Any CPU
		{41327749-C1C1-4025-BDE2-AEB1EEDFE37B}.AppStore|iPhone.Deploy.0 = Release|Any CPU
		{41327749-C1C1-4025-BDE2-AEB1EEDFE37B}.AppStore|iPhoneSimulator.ActiveCfg = Release|Any CPU
		{41327749-C1C1-4025-BDE2-AEB1EEDFE37B}.AppStore|iPhoneSimulator.Build.0 = Release|Any CPU
		{41327749-C1C1-4025-BDE2-AEB1EEDFE37B}.AppStore|iPhoneSimulator.Deploy.0 = Release|Any CPU
		{41327749-C1C1-4025-BDE2-AEB1EEDFE37B}.AppStore|x64.ActiveCfg = Release|Any CPU
		{41327749-C1C1-4025-BDE2-AEB1EEDFE37B}.AppStore|x64.Build.0 = Release|Any CPU
		{41327749-C1C1-4025-BDE2-AEB1EEDFE37B}.AppStore|x64.Deploy.0 = Release|Any CPU
		{41327749-C1C1-4025-BDE2-AEB1EEDFE37B}.AppStore|x86.ActiveCfg = Release|Any CPU
		{41327749-C1C1-4025-BDE2-AEB1EEDFE37B}.AppStore|x86.Build.0 = Release|Any CPU
		{41327749-C1C1-4025-BDE2-AEB1EEDFE37B}.AppStore|x86.Deploy.0 = Release|Any CPU
		{41327749-C1C1-4025-BDE2-AEB1EEDFE37B}.Debug|Any CPU.ActiveCfg = Debug|Any CPU
		{41327749-C1C1-4025-BDE2-AEB1EEDFE37B}.Debug|Any CPU.Build.0 = Debug|Any CPU
		{41327749-C1C1-4025-BDE2-AEB1EEDFE37B}.Debug|Any CPU.Deploy.0 = Debug|Any CPU
		{41327749-C1C1-4025-BDE2-AEB1EEDFE37B}.Debug|ARM.ActiveCfg = Debug|Any CPU
		{41327749-C1C1-4025-BDE2-AEB1EEDFE37B}.Debug|ARM.Build.0 = Debug|Any CPU
		{41327749-C1C1-4025-BDE2-AEB1EEDFE37B}.Debug|ARM.Deploy.0 = Debug|Any CPU
		{41327749-C1C1-4025-BDE2-AEB1EEDFE37B}.Debug|iPhone.ActiveCfg = Debug|Any CPU
		{41327749-C1C1-4025-BDE2-AEB1EEDFE37B}.Debug|iPhone.Build.0 = Debug|Any CPU
		{41327749-C1C1-4025-BDE2-AEB1EEDFE37B}.Debug|iPhone.Deploy.0 = Debug|Any CPU
		{41327749-C1C1-4025-BDE2-AEB1EEDFE37B}.Debug|iPhoneSimulator.ActiveCfg = Debug|Any CPU
		{41327749-C1C1-4025-BDE2-AEB1EEDFE37B}.Debug|iPhoneSimulator.Build.0 = Debug|Any CPU
		{41327749-C1C1-4025-BDE2-AEB1EEDFE37B}.Debug|iPhoneSimulator.Deploy.0 = Debug|Any CPU
		{41327749-C1C1-4025-BDE2-AEB1EEDFE37B}.Debug|x64.ActiveCfg = Debug|Any CPU
		{41327749-C1C1-4025-BDE2-AEB1EEDFE37B}.Debug|x64.Build.0 = Debug|Any CPU
		{41327749-C1C1-4025-BDE2-AEB1EEDFE37B}.Debug|x64.Deploy.0 = Debug|Any CPU
		{41327749-C1C1-4025-BDE2-AEB1EEDFE37B}.Debug|x86.ActiveCfg = Debug|Any CPU
		{41327749-C1C1-4025-BDE2-AEB1EEDFE37B}.Debug|x86.Build.0 = Debug|Any CPU
		{41327749-C1C1-4025-BDE2-AEB1EEDFE37B}.Debug|x86.Deploy.0 = Debug|Any CPU
		{41327749-C1C1-4025-BDE2-AEB1EEDFE37B}.Release|Any CPU.ActiveCfg = Release|Any CPU
		{41327749-C1C1-4025-BDE2-AEB1EEDFE37B}.Release|Any CPU.Build.0 = Release|Any CPU
		{41327749-C1C1-4025-BDE2-AEB1EEDFE37B}.Release|Any CPU.Deploy.0 = Release|Any CPU
		{41327749-C1C1-4025-BDE2-AEB1EEDFE37B}.Release|ARM.ActiveCfg = Release|Any CPU
		{41327749-C1C1-4025-BDE2-AEB1EEDFE37B}.Release|ARM.Build.0 = Release|Any CPU
		{41327749-C1C1-4025-BDE2-AEB1EEDFE37B}.Release|ARM.Deploy.0 = Release|Any CPU
		{41327749-C1C1-4025-BDE2-AEB1EEDFE37B}.Release|iPhone.ActiveCfg = Release|Any CPU
		{41327749-C1C1-4025-BDE2-AEB1EEDFE37B}.Release|iPhone.Build.0 = Release|Any CPU
		{41327749-C1C1-4025-BDE2-AEB1EEDFE37B}.Release|iPhone.Deploy.0 = Release|Any CPU
		{41327749-C1C1-4025-BDE2-AEB1EEDFE37B}.Release|iPhoneSimulator.ActiveCfg = Release|Any CPU
		{41327749-C1C1-4025-BDE2-AEB1EEDFE37B}.Release|iPhoneSimulator.Build.0 = Release|Any CPU
		{41327749-C1C1-4025-BDE2-AEB1EEDFE37B}.Release|iPhoneSimulator.Deploy.0 = Release|Any CPU
		{41327749-C1C1-4025-BDE2-AEB1EEDFE37B}.Release|x64.ActiveCfg = Release|Any CPU
		{41327749-C1C1-4025-BDE2-AEB1EEDFE37B}.Release|x64.Build.0 = Release|Any CPU
		{41327749-C1C1-4025-BDE2-AEB1EEDFE37B}.Release|x64.Deploy.0 = Release|Any CPU
		{41327749-C1C1-4025-BDE2-AEB1EEDFE37B}.Release|x86.ActiveCfg = Release|Any CPU
		{41327749-C1C1-4025-BDE2-AEB1EEDFE37B}.Release|x86.Build.0 = Release|Any CPU
		{41327749-C1C1-4025-BDE2-AEB1EEDFE37B}.Release|x86.Deploy.0 = Release|Any CPU
		{42899FA3-AD6B-47B7-9998-3BF6C499C2D5}.Ad-Hoc|Any CPU.ActiveCfg = Release|x86
		{42899FA3-AD6B-47B7-9998-3BF6C499C2D5}.Ad-Hoc|Any CPU.Build.0 = Release|x86
		{42899FA3-AD6B-47B7-9998-3BF6C499C2D5}.Ad-Hoc|Any CPU.Deploy.0 = Release|x86
		{42899FA3-AD6B-47B7-9998-3BF6C499C2D5}.Ad-Hoc|ARM.ActiveCfg = Release|ARM
		{42899FA3-AD6B-47B7-9998-3BF6C499C2D5}.Ad-Hoc|ARM.Build.0 = Release|ARM
		{42899FA3-AD6B-47B7-9998-3BF6C499C2D5}.Ad-Hoc|ARM.Deploy.0 = Release|ARM
		{42899FA3-AD6B-47B7-9998-3BF6C499C2D5}.Ad-Hoc|iPhone.ActiveCfg = Release|x86
		{42899FA3-AD6B-47B7-9998-3BF6C499C2D5}.Ad-Hoc|iPhone.Build.0 = Release|x86
		{42899FA3-AD6B-47B7-9998-3BF6C499C2D5}.Ad-Hoc|iPhone.Deploy.0 = Release|x86
		{42899FA3-AD6B-47B7-9998-3BF6C499C2D5}.Ad-Hoc|iPhoneSimulator.ActiveCfg = Release|x86
		{42899FA3-AD6B-47B7-9998-3BF6C499C2D5}.Ad-Hoc|iPhoneSimulator.Build.0 = Release|x86
		{42899FA3-AD6B-47B7-9998-3BF6C499C2D5}.Ad-Hoc|iPhoneSimulator.Deploy.0 = Release|x86
		{42899FA3-AD6B-47B7-9998-3BF6C499C2D5}.Ad-Hoc|x64.ActiveCfg = Release|x64
		{42899FA3-AD6B-47B7-9998-3BF6C499C2D5}.Ad-Hoc|x64.Build.0 = Release|x64
		{42899FA3-AD6B-47B7-9998-3BF6C499C2D5}.Ad-Hoc|x64.Deploy.0 = Release|x64
		{42899FA3-AD6B-47B7-9998-3BF6C499C2D5}.Ad-Hoc|x86.ActiveCfg = Release|x86
		{42899FA3-AD6B-47B7-9998-3BF6C499C2D5}.Ad-Hoc|x86.Build.0 = Release|x86
		{42899FA3-AD6B-47B7-9998-3BF6C499C2D5}.Ad-Hoc|x86.Deploy.0 = Release|x86
		{42899FA3-AD6B-47B7-9998-3BF6C499C2D5}.AppStore|Any CPU.ActiveCfg = Release|x86
		{42899FA3-AD6B-47B7-9998-3BF6C499C2D5}.AppStore|Any CPU.Build.0 = Release|x86
		{42899FA3-AD6B-47B7-9998-3BF6C499C2D5}.AppStore|Any CPU.Deploy.0 = Release|x86
		{42899FA3-AD6B-47B7-9998-3BF6C499C2D5}.AppStore|ARM.ActiveCfg = Release|ARM
		{42899FA3-AD6B-47B7-9998-3BF6C499C2D5}.AppStore|ARM.Build.0 = Release|ARM
		{42899FA3-AD6B-47B7-9998-3BF6C499C2D5}.AppStore|ARM.Deploy.0 = Release|ARM
		{42899FA3-AD6B-47B7-9998-3BF6C499C2D5}.AppStore|iPhone.ActiveCfg = Release|x86
		{42899FA3-AD6B-47B7-9998-3BF6C499C2D5}.AppStore|iPhone.Build.0 = Release|x86
		{42899FA3-AD6B-47B7-9998-3BF6C499C2D5}.AppStore|iPhone.Deploy.0 = Release|x86
		{42899FA3-AD6B-47B7-9998-3BF6C499C2D5}.AppStore|iPhoneSimulator.ActiveCfg = Release|x86
		{42899FA3-AD6B-47B7-9998-3BF6C499C2D5}.AppStore|iPhoneSimulator.Build.0 = Release|x86
		{42899FA3-AD6B-47B7-9998-3BF6C499C2D5}.AppStore|iPhoneSimulator.Deploy.0 = Release|x86
		{42899FA3-AD6B-47B7-9998-3BF6C499C2D5}.AppStore|x64.ActiveCfg = Release|x64
		{42899FA3-AD6B-47B7-9998-3BF6C499C2D5}.AppStore|x64.Build.0 = Release|x64
		{42899FA3-AD6B-47B7-9998-3BF6C499C2D5}.AppStore|x64.Deploy.0 = Release|x64
		{42899FA3-AD6B-47B7-9998-3BF6C499C2D5}.AppStore|x86.ActiveCfg = Release|x86
		{42899FA3-AD6B-47B7-9998-3BF6C499C2D5}.AppStore|x86.Build.0 = Release|x86
		{42899FA3-AD6B-47B7-9998-3BF6C499C2D5}.AppStore|x86.Deploy.0 = Release|x86
		{42899FA3-AD6B-47B7-9998-3BF6C499C2D5}.Debug|Any CPU.ActiveCfg = Debug|x86
		{42899FA3-AD6B-47B7-9998-3BF6C499C2D5}.Debug|ARM.ActiveCfg = Debug|ARM
		{42899FA3-AD6B-47B7-9998-3BF6C499C2D5}.Debug|ARM.Build.0 = Debug|ARM
		{42899FA3-AD6B-47B7-9998-3BF6C499C2D5}.Debug|ARM.Deploy.0 = Debug|ARM
		{42899FA3-AD6B-47B7-9998-3BF6C499C2D5}.Debug|iPhone.ActiveCfg = Debug|x86
		{42899FA3-AD6B-47B7-9998-3BF6C499C2D5}.Debug|iPhoneSimulator.ActiveCfg = Debug|x86
		{42899FA3-AD6B-47B7-9998-3BF6C499C2D5}.Debug|x64.ActiveCfg = Debug|x64
		{42899FA3-AD6B-47B7-9998-3BF6C499C2D5}.Debug|x64.Build.0 = Debug|x64
		{42899FA3-AD6B-47B7-9998-3BF6C499C2D5}.Debug|x64.Deploy.0 = Debug|x64
		{42899FA3-AD6B-47B7-9998-3BF6C499C2D5}.Debug|x86.ActiveCfg = Debug|x86
		{42899FA3-AD6B-47B7-9998-3BF6C499C2D5}.Debug|x86.Build.0 = Debug|x86
		{42899FA3-AD6B-47B7-9998-3BF6C499C2D5}.Debug|x86.Deploy.0 = Debug|x86
		{42899FA3-AD6B-47B7-9998-3BF6C499C2D5}.Release|Any CPU.ActiveCfg = Release|x86
		{42899FA3-AD6B-47B7-9998-3BF6C499C2D5}.Release|ARM.ActiveCfg = Release|ARM
		{42899FA3-AD6B-47B7-9998-3BF6C499C2D5}.Release|ARM.Build.0 = Release|ARM
		{42899FA3-AD6B-47B7-9998-3BF6C499C2D5}.Release|ARM.Deploy.0 = Release|ARM
		{42899FA3-AD6B-47B7-9998-3BF6C499C2D5}.Release|iPhone.ActiveCfg = Release|x86
		{42899FA3-AD6B-47B7-9998-3BF6C499C2D5}.Release|iPhoneSimulator.ActiveCfg = Release|x86
		{42899FA3-AD6B-47B7-9998-3BF6C499C2D5}.Release|x64.ActiveCfg = Release|x64
		{42899FA3-AD6B-47B7-9998-3BF6C499C2D5}.Release|x64.Build.0 = Release|x64
		{42899FA3-AD6B-47B7-9998-3BF6C499C2D5}.Release|x64.Deploy.0 = Release|x64
		{42899FA3-AD6B-47B7-9998-3BF6C499C2D5}.Release|x86.ActiveCfg = Release|x86
		{42899FA3-AD6B-47B7-9998-3BF6C499C2D5}.Release|x86.Build.0 = Release|x86
		{42899FA3-AD6B-47B7-9998-3BF6C499C2D5}.Release|x86.Deploy.0 = Release|x86
	EndGlobalSection
	GlobalSection(SolutionProperties) = preSolution
		HideSolutionNode = FALSE
	EndGlobalSection
	GlobalSection(ExtensibilityGlobals) = postSolution
		SolutionGuid = {F6D05029-56B8-4E45-AF2D-0E76295DDBA2}
	EndGlobalSection
EndGlobal
